{
  "name": "assignment3",
  "version": "1.0.0",
  "lockfileVersion": 3,
  "requires": true,
  "packages": {
    "": {
      "name": "assignment3",
      "version": "1.0.0",
      "license": "ISC",
      "dependencies": {
        "assignment2": "^1.0.0"
      }
    },
    "node_modules/assignment2": {
      "version": "1.0.0",
      "resolved": "https://registry.npmjs.org/assignment2/-/assignment2-1.0.0.tgz",
      "integrity": "sha512-N6Aj2yPuTSf2sZMOia689Uyc+NHkleAC75pbAqXgvxXZeJ80lkRH2nl+2YJ9J87obENv+FRqd0WjeD1Uq4ilYA=="
    }
  }
}
